<?xml version="1.0" encoding="utf-8"?>
<Project ToolsVersion="4.0" xmlns="http://schemas.microsoft.com/developer/msbuild/2003">
  <ItemGroup>
    <Filter Include="Source Files">
      <UniqueIdentifier>{741613a4-1738-4f71-8964-2dc44647a5ac}</UniqueIdentifier>
      <Extensions>cpp;c;cxx;rc;def;r;odl;idl;hpj;bat</Extensions>
    </Filter>
    <Filter Include="Source Files\nv">
      <UniqueIdentifier>{259673e6-d357-4ed2-b5ac-1e256685bd30}</UniqueIdentifier>
    </Filter>
    <Filter Include="Header Files">
      <UniqueIdentifier>{aa590b80-5339-45c6-af9d-eeeef7b52117}</UniqueIdentifier>
      <Extensions>h;hpp;hxx;hm;inl</Extensions>
    </Filter>
    <Filter Include="Resource Files">
      <UniqueIdentifier>{3b8d5da4-3fea-4d86-80d2-2c655db15d88}</UniqueIdentifier>
      <Extensions>ico;cur;bmp;dlg;rc2;rct;bin;rgs;gif;jpg;jpeg;jpe</Extensions>
    </Filter>
  </ItemGroup>
  <ItemGroup>
    <ClCompile Include="..\..\game\bg_lib.c">
      <Filter>Source Files</Filter>
    </ClCompile>
    <ClCompile Include="gt_main.c">
      <Filter>Source Files</Filter>
    </ClCompile>
    <ClCompile Include="..\gt_syscalls.c">
      <Filter>Source Files</Filter>
    </ClCompile>
    <ClCompile Include="..\..\game\q_math.c">
      <Filter>Source Files</Filter>
    </ClCompile>
    <ClCompile Include="..\..\game\q_shared.c">
      <Filter>Source Files</Filter>
    </ClCompile>
    <ClCompile Include="gt_elim.c">
      <Filter>Source Files\nv</Filter>
    </ClCompile>
    <ClCompile Include="gt_tft.c">
      <Filter>Source Files\nv</Filter>
    </ClCompile>
  </ItemGroup>
  <ItemGroup>
    <ClInclude Include="gt_local.h">
      <Filter>Header Files</Filter>
    </ClInclude>
    <ClInclude Include="..\gt_public.h">
      <Filter>Header Files</Filter>
    </ClInclude>
  </ItemGroup>
  <ItemGroup>
    <None Include="..\sof2_gametype.def">
      <Filter>Header Files</Filter>
    </None>
  </ItemGroup>
</Project>