<?xml version="1.0" encoding="utf-8"?>
<Project ToolsVersion="4.0" xmlns="http://schemas.microsoft.com/developer/msbuild/2003">
  <ItemGroup>
    <Filter Include="Source Files">
      <UniqueIdentifier>{bd0deb07-8c5f-4155-ae0b-dea5b485f8b2}</UniqueIdentifier>
      <Extensions>cpp;c;cxx;rc;def;r;odl;idl;hpj;bat</Extensions>
    </Filter>
    <Filter Include="Source Files\nv">
      <UniqueIdentifier>{de754c7c-079b-4fc0-b713-6920f29fa637}</UniqueIdentifier>
    </Filter>
    <Filter Include="Header Files">
      <UniqueIdentifier>{612d7679-fc7d-4651-bbaa-9f6849e7de53}</UniqueIdentifier>
      <Extensions>h;hpp;hxx;hm;inl</Extensions>
    </Filter>
    <Filter Include="Resource Files">
      <UniqueIdentifier>{be098950-5a73-4ec5-a8b7-aa5c4beb1979}</UniqueIdentifier>
      <Extensions>ico;cur;bmp;dlg;rc2;rct;bin;rgs;gif;jpg;jpeg;jpe</Extensions>
    </Filter>
  </ItemGroup>
  <ItemGroup>
    <ClCompile Include="..\..\game\bg_lib.c">
      <Filter>Source Files</Filter>
    </ClCompile>
    <ClCompile Include="gt_main.c">
      <Filter>Source Files</Filter>
    </ClCompile>
    <ClCompile Include="..\gt_syscalls.c">
      <Filter>Source Files</Filter>
    </ClCompile>
    <ClCompile Include="..\..\game\q_math.c">
      <Filter>Source Files</Filter>
    </ClCompile>
    <ClCompile Include="..\..\game\q_shared.c">
      <Filter>Source Files</Filter>
    </ClCompile>
    <ClCompile Include="gt_for.c">
      <Filter>Source Files\nv</Filter>
    </ClCompile>
    <ClCompile Include="gt_tdm.c">
      <Filter>Source Files\nv</Filter>
    </ClCompile>
  </ItemGroup>
  <ItemGroup>
    <ClInclude Include="gt_local.h">
      <Filter>Header Files</Filter>
    </ClInclude>
    <ClInclude Include="..\gt_public.h">
      <Filter>Header Files</Filter>
    </ClInclude>
  </ItemGroup>
  <ItemGroup>
    <None Include="..\sof2_gametype.def">
      <Filter>Header Files</Filter>
    </None>
  </ItemGroup>
</Project>