<?xml version="1.0" encoding="utf-8"?>
<Project ToolsVersion="4.0" xmlns="http://schemas.microsoft.com/developer/msbuild/2003">
  <ItemGroup>
    <Filter Include="Source Files">
      <UniqueIdentifier>{f40332fd-8036-4053-bfa4-0b2e4fa2346a}</UniqueIdentifier>
      <Extensions>cpp;c;cxx;rc;def;r;odl;idl;hpj;bat</Extensions>
    </Filter>
    <Filter Include="Source Files\nv">
      <UniqueIdentifier>{2d48febd-787a-4375-b565-ce7d2dcfbcb3}</UniqueIdentifier>
    </Filter>
    <Filter Include="Header Files">
      <UniqueIdentifier>{fdcf72c6-42bf-45b1-a846-513df3d50ba1}</UniqueIdentifier>
      <Extensions>h;hpp;hxx;hm;inl</Extensions>
    </Filter>
    <Filter Include="Resource Files">
      <UniqueIdentifier>{f1af7bbf-c173-427e-aef9-21e380cb42e7}</UniqueIdentifier>
      <Extensions>ico;cur;bmp;dlg;rc2;rct;bin;rgs;gif;jpg;jpeg;jpe</Extensions>
    </Filter>
  </ItemGroup>
  <ItemGroup>
    <ClCompile Include="..\..\game\bg_lib.c">
      <Filter>Source Files</Filter>
    </ClCompile>
    <ClCompile Include="gt_main.c">
      <Filter>Source Files</Filter>
    </ClCompile>
    <ClCompile Include="..\gt_syscalls.c">
      <Filter>Source Files</Filter>
    </ClCompile>
    <ClCompile Include="..\..\game\q_math.c">
      <Filter>Source Files</Filter>
    </ClCompile>
    <ClCompile Include="..\..\game\q_shared.c">
      <Filter>Source Files</Filter>
    </ClCompile>
    <ClCompile Include="gt_dm.c">
      <Filter>Source Files\nv</Filter>
    </ClCompile>
    <ClCompile Include="gt_ft.c">
      <Filter>Source Files\nv</Filter>
    </ClCompile>
    <ClCompile Include="gt_gg.c">
      <Filter>Source Files\nv</Filter>
    </ClCompile>
  </ItemGroup>
  <ItemGroup>
    <ClInclude Include="gt_local.h">
      <Filter>Header Files</Filter>
    </ClInclude>
    <ClInclude Include="..\gt_public.h">
      <Filter>Header Files</Filter>
    </ClInclude>
  </ItemGroup>
  <ItemGroup>
    <None Include="..\sof2_gametype.def">
      <Filter>Header Files</Filter>
    </None>
  </ItemGroup>
</Project>